// !$*UTF8*$!
{
	archiveVersion = 1;
	classes = {
	};
	objectVersion = 50;
	objects = {

/* Begin PBXBuildFile section */
		5CB3FB17C1FB95B91F8339F1 /* Pods_IOTPayTests.framework in Frameworks */ = {isa = PBXBuildFile; fileRef = 42DB9598F5B4AE320F674D1B /* Pods_IOTPayTests.framework */; };
		61EA4278A423F31703FBB4AE /* Pods_IOTPay_IOTPayUITests.framework in Frameworks */ = {isa = PBXBuildFile; fileRef = C519B9B5A0A7C64BB21A5783 /* Pods_IOTPay_IOTPayUITests.framework */; };
		8975D0C27781B19CD3BE5AC6 /* Pods_IOTPay.framework in Frameworks */ = {isa = PBXBuildFile; fileRef = C6514C6A1EE2F57238C91AB9 /* Pods_IOTPay.framework */; };
		FABC0BE926307B9F004C6D9B /* AppDelegate.swift in Sources */ = {isa = PBXBuildFile; fileRef = FABC0BE826307B9F004C6D9B /* AppDelegate.swift */; };
		FABC0BEB26307B9F004C6D9B /* SceneDelegate.swift in Sources */ = {isa = PBXBuildFile; fileRef = FABC0BEA26307B9F004C6D9B /* SceneDelegate.swift */; };
		FABC0BED26307B9F004C6D9B /* ViewController.swift in Sources */ = {isa = PBXBuildFile; fileRef = FABC0BEC26307B9F004C6D9B /* ViewController.swift */; };
		FABC0BF026307B9F004C6D9B /* Main.storyboard in Resources */ = {isa = PBXBuildFile; fileRef = FABC0BEE26307B9F004C6D9B /* Main.storyboard */; };
		FABC0BF226307B9F004C6D9B /* Assets.xcassets in Resources */ = {isa = PBXBuildFile; fileRef = FABC0BF126307B9F004C6D9B /* Assets.xcassets */; };
		FABC0BF526307B9F004C6D9B /* LaunchScreen.storyboard in Resources */ = {isa = PBXBuildFile; fileRef = FABC0BF326307B9F004C6D9B /* LaunchScreen.storyboard */; };
		FABC0C0026307BA0004C6D9B /* IOTPayTests.swift in Sources */ = {isa = PBXBuildFile; fileRef = FABC0BFF26307BA0004C6D9B /* IOTPayTests.swift */; };
		FABC0C0B26307BA0004C6D9B /* IOTPayUITests.swift in Sources */ = {isa = PBXBuildFile; fileRef = FABC0C0A26307BA0004C6D9B /* IOTPayUITests.swift */; };
		FAE748692630833E003AED10 /* ViewController.swift in Sources */ = {isa = PBXBuildFile; fileRef = FABC0BEC26307B9F004C6D9B /* ViewController.swift */; };
		FAE7486A2630833E003AED10 /* AppDelegate.swift in Sources */ = {isa = PBXBuildFile; fileRef = FABC0BE826307B9F004C6D9B /* AppDelegate.swift */; };
		FAE7486B2630833E003AED10 /* SceneDelegate.swift in Sources */ = {isa = PBXBuildFile; fileRef = FABC0BEA26307B9F004C6D9B /* SceneDelegate.swift */; };
		FAE7486D2630833E003AED10 /* Pods_IOTPay.framework in Frameworks */ = {isa = PBXBuildFile; fileRef = C6514C6A1EE2F57238C91AB9 /* Pods_IOTPay.framework */; };
		FAE7486F2630833E003AED10 /* LaunchScreen.storyboard in Resources */ = {isa = PBXBuildFile; fileRef = FABC0BF326307B9F004C6D9B /* LaunchScreen.storyboard */; };
		FAE748702630833E003AED10 /* Assets.xcassets in Resources */ = {isa = PBXBuildFile; fileRef = FABC0BF126307B9F004C6D9B /* Assets.xcassets */; };
		FAE748712630833E003AED10 /* Main.storyboard in Resources */ = {isa = PBXBuildFile; fileRef = FABC0BEE26307B9F004C6D9B /* Main.storyboard */; };
/* End PBXBuildFile section */

/* Begin PBXContainerItemProxy section */
		FABC0BFC26307BA0004C6D9B /* PBXContainerItemProxy */ = {
			isa = PBXContainerItemProxy;
			containerPortal = FABC0BDD26307B9F004C6D9B /* Project object */;
			proxyType = 1;
			remoteGlobalIDString = FABC0BE426307B9F004C6D9B;
			remoteInfo = IOTPay;
		};
		FABC0C0726307BA0004C6D9B /* PBXContainerItemProxy */ = {
			isa = PBXContainerItemProxy;
			containerPortal = FABC0BDD26307B9F004C6D9B /* Project object */;
			proxyType = 1;
			remoteGlobalIDString = FABC0BE426307B9F004C6D9B;
			remoteInfo = IOTPay;
		};
		FAE7484A26308126003AED10 /* PBXContainerItemProxy */ = {
			isa = PBXContainerItemProxy;
			containerPortal = FA9E916626307DBE00FE74FF /* DemoA1.xcodeproj */;
			proxyType = 2;
			remoteGlobalIDString = FABC0C2426307BC7004C6D9B;
			remoteInfo = DemoA1;
		};
/* End PBXContainerItemProxy section */

/* Begin PBXFileReference section */
		2EEC41552616F6682CA56349 /* Pods-IOTPay-IOTPayUITests.debug.xcconfig */ = {isa = PBXFileReference; includeInIndex = 1; lastKnownFileType = text.xcconfig; name = "Pods-IOTPay-IOTPayUITests.debug.xcconfig"; path = "Target Support Files/Pods-IOTPay-IOTPayUITests/Pods-IOTPay-IOTPayUITests.debug.xcconfig"; sourceTree = "<group>"; };
		3A914FBC69BDE4563B1C6872 /* Pods-IOTPay.debug.xcconfig */ = {isa = PBXFileReference; includeInIndex = 1; lastKnownFileType = text.xcconfig; name = "Pods-IOTPay.debug.xcconfig"; path = "Target Support Files/Pods-IOTPay/Pods-IOTPay.debug.xcconfig"; sourceTree = "<group>"; };
		42DB9598F5B4AE320F674D1B /* Pods_IOTPayTests.framework */ = {isa = PBXFileReference; explicitFileType = wrapper.framework; includeInIndex = 0; path = Pods_IOTPayTests.framework; sourceTree = BUILT_PRODUCTS_DIR; };
		633FD4F52C702A5487776FA2 /* Pods-IOTPay-IOTPayUITests.release.xcconfig */ = {isa = PBXFileReference; includeInIndex = 1; lastKnownFileType = text.xcconfig; name = "Pods-IOTPay-IOTPayUITests.release.xcconfig"; path = "Target Support Files/Pods-IOTPay-IOTPayUITests/Pods-IOTPay-IOTPayUITests.release.xcconfig"; sourceTree = "<group>"; };
		B7E88096558AD80C085076AF /* Pods-IOTPayTests.debug.xcconfig */ = {isa = PBXFileReference; includeInIndex = 1; lastKnownFileType = text.xcconfig; name = "Pods-IOTPayTests.debug.xcconfig"; path = "Target Support Files/Pods-IOTPayTests/Pods-IOTPayTests.debug.xcconfig"; sourceTree = "<group>"; };
		C519B9B5A0A7C64BB21A5783 /* Pods_IOTPay_IOTPayUITests.framework */ = {isa = PBXFileReference; explicitFileType = wrapper.framework; includeInIndex = 0; path = Pods_IOTPay_IOTPayUITests.framework; sourceTree = BUILT_PRODUCTS_DIR; };
		C6514C6A1EE2F57238C91AB9 /* Pods_IOTPay.framework */ = {isa = PBXFileReference; explicitFileType = wrapper.framework; includeInIndex = 0; path = Pods_IOTPay.framework; sourceTree = BUILT_PRODUCTS_DIR; };
		E338D7D3ADD7DC573A3C88B7 /* Pods-IOTPay.release.xcconfig */ = {isa = PBXFileReference; includeInIndex = 1; lastKnownFileType = text.xcconfig; name = "Pods-IOTPay.release.xcconfig"; path = "Target Support Files/Pods-IOTPay/Pods-IOTPay.release.xcconfig"; sourceTree = "<group>"; };
		FA9E916626307DBE00FE74FF /* DemoA1.xcodeproj */ = {isa = PBXFileReference; lastKnownFileType = "wrapper.pb-project"; name = DemoA1.xcodeproj; path = "../../../../../../../../Desktop/IOTPay/Testing/Repo37/IOTPay-iOS/Examples/DemoA1.xcodeproj"; sourceTree = BUILT_PRODUCTS_DIR; };
		FABC0BE526307B9F004C6D9B /* IOTPay.app */ = {isa = PBXFileReference; explicitFileType = wrapper.application; includeInIndex = 0; path = IOTPay.app; sourceTree = BUILT_PRODUCTS_DIR; };
		FABC0BE826307B9F004C6D9B /* AppDelegate.swift */ = {isa = PBXFileReference; lastKnownFileType = sourcecode.swift; path = AppDelegate.swift; sourceTree = "<group>"; };
		FABC0BEA26307B9F004C6D9B /* SceneDelegate.swift */ = {isa = PBXFileReference; lastKnownFileType = sourcecode.swift; path = SceneDelegate.swift; sourceTree = "<group>"; };
		FABC0BEC26307B9F004C6D9B /* ViewController.swift */ = {isa = PBXFileReference; lastKnownFileType = sourcecode.swift; path = ViewController.swift; sourceTree = "<group>"; };
		FABC0BEF26307B9F004C6D9B /* Base */ = {isa = PBXFileReference; lastKnownFileType = file.storyboard; name = Base; path = Base.lproj/Main.storyboard; sourceTree = "<group>"; };
		FABC0BF126307B9F004C6D9B /* Assets.xcassets */ = {isa = PBXFileReference; lastKnownFileType = folder.assetcatalog; path = Assets.xcassets; sourceTree = "<group>"; };
		FABC0BF426307B9F004C6D9B /* Base */ = {isa = PBXFileReference; lastKnownFileType = file.storyboard; name = Base; path = Base.lproj/LaunchScreen.storyboard; sourceTree = "<group>"; };
		FABC0BF626307B9F004C6D9B /* Info.plist */ = {isa = PBXFileReference; lastKnownFileType = text.plist.xml; path = Info.plist; sourceTree = "<group>"; };
		FABC0BFB26307BA0004C6D9B /* IOTPayTests.xctest */ = {isa = PBXFileReference; explicitFileType = wrapper.cfbundle; includeInIndex = 0; path = IOTPayTests.xctest; sourceTree = BUILT_PRODUCTS_DIR; };
		FABC0BFF26307BA0004C6D9B /* IOTPayTests.swift */ = {isa = PBXFileReference; lastKnownFileType = sourcecode.swift; path = IOTPayTests.swift; sourceTree = "<group>"; };
		FABC0C0126307BA0004C6D9B /* Info.plist */ = {isa = PBXFileReference; lastKnownFileType = text.plist.xml; path = Info.plist; sourceTree = "<group>"; };
		FABC0C0626307BA0004C6D9B /* IOTPayUITests.xctest */ = {isa = PBXFileReference; explicitFileType = wrapper.cfbundle; includeInIndex = 0; path = IOTPayUITests.xctest; sourceTree = BUILT_PRODUCTS_DIR; };
		FABC0C0A26307BA0004C6D9B /* IOTPayUITests.swift */ = {isa = PBXFileReference; lastKnownFileType = sourcecode.swift; path = IOTPayUITests.swift; sourceTree = "<group>"; };
		FABC0C0C26307BA0004C6D9B /* Info.plist */ = {isa = PBXFileReference; lastKnownFileType = text.plist.xml; path = Info.plist; sourceTree = "<group>"; };
		FAE748752630833E003AED10 /* DemoA111.app */ = {isa = PBXFileReference; explicitFileType = wrapper.application; includeInIndex = 0; path = DemoA111.app; sourceTree = BUILT_PRODUCTS_DIR; };
		FAE748772630833F003AED10 /* IOTPay copy-Info.plist */ = {isa = PBXFileReference; lastKnownFileType = text.plist.xml; name = "IOTPay copy-Info.plist"; path = "/Users/macbook/Desktop/IOTPay/Testing/Repo37/IOTPay-iOS/IOTPay copy-Info.plist"; sourceTree = "<absolute>"; };
		FB12EEBE79F500C073744CBF /* Pods-IOTPayTests.release.xcconfig */ = {isa = PBXFileReference; includeInIndex = 1; lastKnownFileType = text.xcconfig; name = "Pods-IOTPayTests.release.xcconfig"; path = "Target Support Files/Pods-IOTPayTests/Pods-IOTPayTests.release.xcconfig"; sourceTree = "<group>"; };
/* End PBXFileReference section */

/* Begin PBXFrameworksBuildPhase section */
		FABC0BE226307B9F004C6D9B /* Frameworks */ = {
			isa = PBXFrameworksBuildPhase;
			buildActionMask = 2147483647;
			files = (
				8975D0C27781B19CD3BE5AC6 /* Pods_IOTPay.framework in Frameworks */,
			);
			runOnlyForDeploymentPostprocessing = 0;
		};
		FABC0BF826307BA0004C6D9B /* Frameworks */ = {
			isa = PBXFrameworksBuildPhase;
			buildActionMask = 2147483647;
			files = (
				5CB3FB17C1FB95B91F8339F1 /* Pods_IOTPayTests.framework in Frameworks */,
			);
			runOnlyForDeploymentPostprocessing = 0;
		};
		FABC0C0326307BA0004C6D9B /* Frameworks */ = {
			isa = PBXFrameworksBuildPhase;
			buildActionMask = 2147483647;
			files = (
				61EA4278A423F31703FBB4AE /* Pods_IOTPay_IOTPayUITests.framework in Frameworks */,
			);
			runOnlyForDeploymentPostprocessing = 0;
		};
		FAE7486C2630833E003AED10 /* Frameworks */ = {
			isa = PBXFrameworksBuildPhase;
			buildActionMask = 2147483647;
			files = (
				FAE7486D2630833E003AED10 /* Pods_IOTPay.framework in Frameworks */,
			);
			runOnlyForDeploymentPostprocessing = 0;
		};
/* End PBXFrameworksBuildPhase section */

/* Begin PBXGroup section */
		6C6F322C2C6F7FB24AE00A2C /* Frameworks */ = {
			isa = PBXGroup;
			children = (
				C6514C6A1EE2F57238C91AB9 /* Pods_IOTPay.framework */,
				C519B9B5A0A7C64BB21A5783 /* Pods_IOTPay_IOTPayUITests.framework */,
				42DB9598F5B4AE320F674D1B /* Pods_IOTPayTests.framework */,
			);
			name = Frameworks;
			sourceTree = "<group>";
		};
		8A166E527741D6FB795D64E6 /* Pods */ = {
			isa = PBXGroup;
			children = (
				3A914FBC69BDE4563B1C6872 /* Pods-IOTPay.debug.xcconfig */,
				E338D7D3ADD7DC573A3C88B7 /* Pods-IOTPay.release.xcconfig */,
				2EEC41552616F6682CA56349 /* Pods-IOTPay-IOTPayUITests.debug.xcconfig */,
				633FD4F52C702A5487776FA2 /* Pods-IOTPay-IOTPayUITests.release.xcconfig */,
				B7E88096558AD80C085076AF /* Pods-IOTPayTests.debug.xcconfig */,
				FB12EEBE79F500C073744CBF /* Pods-IOTPayTests.release.xcconfig */,
			);
			path = Pods;
			sourceTree = "<group>";
		};
		FA9E916526307D9200FE74FF /* Examples */ = {
			isa = PBXGroup;
			children = (
				FA9E916626307DBE00FE74FF /* DemoA1.xcodeproj */,
			);
			path = Examples;
			sourceTree = "<group>";
		};
		FABC0BDC26307B9F004C6D9B = {
			isa = PBXGroup;
			children = (
				FA9E916526307D9200FE74FF /* Examples */,
				FABC0BE726307B9F004C6D9B /* IOTPay */,
				FABC0BFE26307BA0004C6D9B /* IOTPayTests */,
				FABC0C0926307BA0004C6D9B /* IOTPayUITests */,
				FABC0BE626307B9F004C6D9B /* Products */,
				8A166E527741D6FB795D64E6 /* Pods */,
				6C6F322C2C6F7FB24AE00A2C /* Frameworks */,
				FAE748772630833F003AED10 /* IOTPay copy-Info.plist */,
			);
			sourceTree = "<group>";
		};
		FABC0BE626307B9F004C6D9B /* Products */ = {
			isa = PBXGroup;
			children = (
				FABC0BE526307B9F004C6D9B /* IOTPay.app */,
				FABC0BFB26307BA0004C6D9B /* IOTPayTests.xctest */,
				FABC0C0626307BA0004C6D9B /* IOTPayUITests.xctest */,
				FAE748752630833E003AED10 /* DemoA111.app */,
			);
			name = Products;
			sourceTree = "<group>";
		};
		FABC0BE726307B9F004C6D9B /* IOTPay */ = {
			isa = PBXGroup;
			children = (
				FABC0BE826307B9F004C6D9B /* AppDelegate.swift */,
				FABC0BEA26307B9F004C6D9B /* SceneDelegate.swift */,
				FABC0BEC26307B9F004C6D9B /* ViewController.swift */,
				FABC0BEE26307B9F004C6D9B /* Main.storyboard */,
				FABC0BF126307B9F004C6D9B /* Assets.xcassets */,
				FABC0BF326307B9F004C6D9B /* LaunchScreen.storyboard */,
				FABC0BF626307B9F004C6D9B /* Info.plist */,
			);
			path = IOTPay;
			sourceTree = "<group>";
		};
		FABC0BFE26307BA0004C6D9B /* IOTPayTests */ = {
			isa = PBXGroup;
			children = (
				FABC0BFF26307BA0004C6D9B /* IOTPayTests.swift */,
				FABC0C0126307BA0004C6D9B /* Info.plist */,
			);
			path = IOTPayTests;
			sourceTree = "<group>";
		};
		FABC0C0926307BA0004C6D9B /* IOTPayUITests */ = {
			isa = PBXGroup;
			children = (
				FABC0C0A26307BA0004C6D9B /* IOTPayUITests.swift */,
				FABC0C0C26307BA0004C6D9B /* Info.plist */,
			);
			path = IOTPayUITests;
			sourceTree = "<group>";
		};
		FAE7484726308126003AED10 /* Products */ = {
			isa = PBXGroup;
			children = (
				FAE7484B26308126003AED10 /* DemoA1.app */,
			);
			name = Products;
			sourceTree = "<group>";
		};
/* End PBXGroup section */

/* Begin PBXNativeTarget section */
		FABC0BE426307B9F004C6D9B /* IOTPay */ = {
			isa = PBXNativeTarget;
			buildConfigurationList = FABC0C0F26307BA0004C6D9B /* Build configuration list for PBXNativeTarget "IOTPay" */;
			buildPhases = (
				FC1636E513EC4839B4D5185D /* [CP] Check Pods Manifest.lock */,
				FABC0BE126307B9F004C6D9B /* Sources */,
				FABC0BE226307B9F004C6D9B /* Frameworks */,
				FABC0BE326307B9F004C6D9B /* Resources */,
			);
			buildRules = (
			);
			dependencies = (
			);
			name = IOTPay;
			productName = IOTPay;
			productReference = FABC0BE526307B9F004C6D9B /* IOTPay.app */;
			productType = "com.apple.product-type.application";
		};
		FABC0BFA26307BA0004C6D9B /* IOTPayTests */ = {
			isa = PBXNativeTarget;
			buildConfigurationList = FABC0C1226307BA0004C6D9B /* Build configuration list for PBXNativeTarget "IOTPayTests" */;
			buildPhases = (
				F323BBD3BF3F1B5A9BF3E339 /* [CP] Check Pods Manifest.lock */,
				FABC0BF726307BA0004C6D9B /* Sources */,
				FABC0BF826307BA0004C6D9B /* Frameworks */,
				FABC0BF926307BA0004C6D9B /* Resources */,
			);
			buildRules = (
			);
			dependencies = (
				FABC0BFD26307BA0004C6D9B /* PBXTargetDependency */,
			);
			name = IOTPayTests;
			productName = IOTPayTests;
			productReference = FABC0BFB26307BA0004C6D9B /* IOTPayTests.xctest */;
			productType = "com.apple.product-type.bundle.unit-test";
		};
		FABC0C0526307BA0004C6D9B /* IOTPayUITests */ = {
			isa = PBXNativeTarget;
			buildConfigurationList = FABC0C1526307BA0004C6D9B /* Build configuration list for PBXNativeTarget "IOTPayUITests" */;
			buildPhases = (
				10DD5742A54DEEA5C24CE806 /* [CP] Check Pods Manifest.lock */,
				FABC0C0226307BA0004C6D9B /* Sources */,
				FABC0C0326307BA0004C6D9B /* Frameworks */,
				FABC0C0426307BA0004C6D9B /* Resources */,
			);
			buildRules = (
			);
			dependencies = (
				FABC0C0826307BA0004C6D9B /* PBXTargetDependency */,
			);
			name = IOTPayUITests;
			productName = IOTPayUITests;
			productReference = FABC0C0626307BA0004C6D9B /* IOTPayUITests.xctest */;
			productType = "com.apple.product-type.bundle.ui-testing";
		};
		FAE748662630833E003AED10 /* DemoA111 */ = {
			isa = PBXNativeTarget;
			buildConfigurationList = FAE748722630833E003AED10 /* Build configuration list for PBXNativeTarget "DemoA111" */;
			buildPhases = (
				FAE748672630833E003AED10 /* [CP] Check Pods Manifest.lock */,
				FAE748682630833E003AED10 /* Sources */,
				FAE7486C2630833E003AED10 /* Frameworks */,
				FAE7486E2630833E003AED10 /* Resources */,
			);
			buildRules = (
			);
			dependencies = (
			);
			name = DemoA111;
			productName = IOTPay;
			productReference = FAE748752630833E003AED10 /* DemoA111.app */;
			productType = "com.apple.product-type.application";
		};
/* End PBXNativeTarget section */

/* Begin PBXProject section */
		FABC0BDD26307B9F004C6D9B /* Project object */ = {
			isa = PBXProject;
			attributes = {
				LastSwiftUpdateCheck = 1240;
				LastUpgradeCheck = 1240;
				TargetAttributes = {
					FABC0BE426307B9F004C6D9B = {
						CreatedOnToolsVersion = 12.4;
					};
					FABC0BFA26307BA0004C6D9B = {
						CreatedOnToolsVersion = 12.4;
						TestTargetID = FABC0BE426307B9F004C6D9B;
					};
					FABC0C0526307BA0004C6D9B = {
						CreatedOnToolsVersion = 12.4;
						TestTargetID = FABC0BE426307B9F004C6D9B;
					};
				};
			};
			buildConfigurationList = FABC0BE026307B9F004C6D9B /* Build configuration list for PBXProject "IOTPay" */;
			compatibilityVersion = "Xcode 9.3";
			developmentRegion = en;
			hasScannedForEncodings = 0;
			knownRegions = (
				en,
				Base,
			);
			mainGroup = FABC0BDC26307B9F004C6D9B;
			productRefGroup = FABC0BE626307B9F004C6D9B /* Products */;
			projectDirPath = "";
			projectReferences = (
				{
					ProductGroup = FAE7484726308126003AED10 /* Products */;
					ProjectRef = FA9E916626307DBE00FE74FF /* DemoA1.xcodeproj */;
				},
			);
			projectRoot = "";
			targets = (
				FABC0BE426307B9F004C6D9B /* IOTPay */,
				FABC0BFA26307BA0004C6D9B /* IOTPayTests */,
				FABC0C0526307BA0004C6D9B /* IOTPayUITests */,
				FAE748662630833E003AED10 /* DemoA111 */,
			);
		};
/* End PBXProject section */

/* Begin PBXReferenceProxy section */
		FAE7484B26308126003AED10 /* DemoA1.app */ = {
			isa = PBXReferenceProxy;
			fileType = wrapper.application;
			path = DemoA1.app;
			remoteRef = FAE7484A26308126003AED10 /* PBXContainerItemProxy */;
			sourceTree = BUILT_PRODUCTS_DIR;
		};
/* End PBXReferenceProxy section */

/* Begin PBXResourcesBuildPhase section */
		FABC0BE326307B9F004C6D9B /* Resources */ = {
			isa = PBXResourcesBuildPhase;
			buildActionMask = 2147483647;
			files = (
				FABC0BF526307B9F004C6D9B /* LaunchScreen.storyboard in Resources */,
				FABC0BF226307B9F004C6D9B /* Assets.xcassets in Resources */,
				FABC0BF026307B9F004C6D9B /* Main.storyboard in Resources */,
			);
			runOnlyForDeploymentPostprocessing = 0;
		};
		FABC0BF926307BA0004C6D9B /* Resources */ = {
			isa = PBXResourcesBuildPhase;
			buildActionMask = 2147483647;
			files = (
			);
			runOnlyForDeploymentPostprocessing = 0;
		};
		FABC0C0426307BA0004C6D9B /* Resources */ = {
			isa = PBXResourcesBuildPhase;
			buildActionMask = 2147483647;
			files = (
			);
			runOnlyForDeploymentPostprocessing = 0;
		};
		FAE7486E2630833E003AED10 /* Resources */ = {
			isa = PBXResourcesBuildPhase;
			buildActionMask = 2147483647;
			files = (
				FAE7486F2630833E003AED10 /* LaunchScreen.storyboard in Resources */,
				FAE748702630833E003AED10 /* Assets.xcassets in Resources */,
				FAE748712630833E003AED10 /* Main.storyboard in Resources */,
			);
			runOnlyForDeploymentPostprocessing = 0;
		};
/* End PBXResourcesBuildPhase section */

/* Begin PBXShellScriptBuildPhase section */
		10DD5742A54DEEA5C24CE806 /* [CP] Check Pods Manifest.lock */ = {
			isa = PBXShellScriptBuildPhase;
			buildActionMask = 2147483647;
			files = (
			);
			inputFileListPaths = (
			);
			inputPaths = (
				"${PODS_PODFILE_DIR_PATH}/Podfile.lock",
				"${PODS_ROOT}/Manifest.lock",
			);
			name = "[CP] Check Pods Manifest.lock";
			outputFileListPaths = (
			);
			outputPaths = (
				"$(DERIVED_FILE_DIR)/Pods-IOTPay-IOTPayUITests-checkManifestLockResult.txt",
			);
			runOnlyForDeploymentPostprocessing = 0;
			shellPath = /bin/sh;
			shellScript = "diff \"${PODS_PODFILE_DIR_PATH}/Podfile.lock\" \"${PODS_ROOT}/Manifest.lock\" > /dev/null\nif [ $? != 0 ] ; then\n    # print error to STDERR\n    echo \"error: The sandbox is not in sync with the Podfile.lock. Run 'pod install' or update your CocoaPods installation.\" >&2\n    exit 1\nfi\n# This output is used by Xcode 'outputs' to avoid re-running this script phase.\necho \"SUCCESS\" > \"${SCRIPT_OUTPUT_FILE_0}\"\n";
			showEnvVarsInLog = 0;
		};
		F323BBD3BF3F1B5A9BF3E339 /* [CP] Check Pods Manifest.lock */ = {
			isa = PBXShellScriptBuildPhase;
			buildActionMask = 2147483647;
			files = (
			);
			inputFileListPaths = (
			);
			inputPaths = (
				"${PODS_PODFILE_DIR_PATH}/Podfile.lock",
				"${PODS_ROOT}/Manifest.lock",
			);
			name = "[CP] Check Pods Manifest.lock";
			outputFileListPaths = (
			);
			outputPaths = (
				"$(DERIVED_FILE_DIR)/Pods-IOTPayTests-checkManifestLockResult.txt",
			);
			runOnlyForDeploymentPostprocessing = 0;
			shellPath = /bin/sh;
			shellScript = "diff \"${PODS_PODFILE_DIR_PATH}/Podfile.lock\" \"${PODS_ROOT}/Manifest.lock\" > /dev/null\nif [ $? != 0 ] ; then\n    # print error to STDERR\n    echo \"error: The sandbox is not in sync with the Podfile.lock. Run 'pod install' or update your CocoaPods installation.\" >&2\n    exit 1\nfi\n# This output is used by Xcode 'outputs' to avoid re-running this script phase.\necho \"SUCCESS\" > \"${SCRIPT_OUTPUT_FILE_0}\"\n";
			showEnvVarsInLog = 0;
		};
		FAE748672630833E003AED10 /* [CP] Check Pods Manifest.lock */ = {
			isa = PBXShellScriptBuildPhase;
			buildActionMask = 2147483647;
			files = (
			);
			inputFileListPaths = (
			);
			inputPaths = (
				"${PODS_PODFILE_DIR_PATH}/Podfile.lock",
				"${PODS_ROOT}/Manifest.lock",
			);
			name = "[CP] Check Pods Manifest.lock";
			outputFileListPaths = (
			);
			outputPaths = (
				"$(DERIVED_FILE_DIR)/Pods-IOTPay-checkManifestLockResult.txt",
			);
			runOnlyForDeploymentPostprocessing = 0;
			shellPath = /bin/sh;
			shellScript = "diff \"${PODS_PODFILE_DIR_PATH}/Podfile.lock\" \"${PODS_ROOT}/Manifest.lock\" > /dev/null\nif [ $? != 0 ] ; then\n    # print error to STDERR\n    echo \"error: The sandbox is not in sync with the Podfile.lock. Run 'pod install' or update your CocoaPods installation.\" >&2\n    exit 1\nfi\n# This output is used by Xcode 'outputs' to avoid re-running this script phase.\necho \"SUCCESS\" > \"${SCRIPT_OUTPUT_FILE_0}\"\n";
			showEnvVarsInLog = 0;
		};
		FC1636E513EC4839B4D5185D /* [CP] Check Pods Manifest.lock */ = {
			isa = PBXShellScriptBuildPhase;
			buildActionMask = 2147483647;
			files = (
			);
			inputFileListPaths = (
			);
			inputPaths = (
				"${PODS_PODFILE_DIR_PATH}/Podfile.lock",
				"${PODS_ROOT}/Manifest.lock",
			);
			name = "[CP] Check Pods Manifest.lock";
			outputFileListPaths = (
			);
			outputPaths = (
				"$(DERIVED_FILE_DIR)/Pods-IOTPay-checkManifestLockResult.txt",
			);
			runOnlyForDeploymentPostprocessing = 0;
			shellPath = /bin/sh;
			shellScript = "diff \"${PODS_PODFILE_DIR_PATH}/Podfile.lock\" \"${PODS_ROOT}/Manifest.lock\" > /dev/null\nif [ $? != 0 ] ; then\n    # print error to STDERR\n    echo \"error: The sandbox is not in sync with the Podfile.lock. Run 'pod install' or update your CocoaPods installation.\" >&2\n    exit 1\nfi\n# This output is used by Xcode 'outputs' to avoid re-running this script phase.\necho \"SUCCESS\" > \"${SCRIPT_OUTPUT_FILE_0}\"\n";
			showEnvVarsInLog = 0;
		};
/* End PBXShellScriptBuildPhase section */

/* Begin PBXSourcesBuildPhase section */
		FABC0BE126307B9F004C6D9B /* Sources */ = {
			isa = PBXSourcesBuildPhase;
			buildActionMask = 2147483647;
			files = (
				FABC0BED26307B9F004C6D9B /* ViewController.swift in Sources */,
				FABC0BE926307B9F004C6D9B /* AppDelegate.swift in Sources */,
				FABC0BEB26307B9F004C6D9B /* SceneDelegate.swift in Sources */,
			);
			runOnlyForDeploymentPostprocessing = 0;
		};
		FABC0BF726307BA0004C6D9B /* Sources */ = {
			isa = PBXSourcesBuildPhase;
			buildActionMask = 2147483647;
			files = (
				FABC0C0026307BA0004C6D9B /* IOTPayTests.swift in Sources */,
			);
			runOnlyForDeploymentPostprocessing = 0;
		};
		FABC0C0226307BA0004C6D9B /* Sources */ = {
			isa = PBXSourcesBuildPhase;
			buildActionMask = 2147483647;
			files = (
				FABC0C0B26307BA0004C6D9B /* IOTPayUITests.swift in Sources */,
			);
			runOnlyForDeploymentPostprocessing = 0;
		};
		FAE748682630833E003AED10 /* Sources */ = {
			isa = PBXSourcesBuildPhase;
			buildActionMask = 2147483647;
			files = (
				FAE748692630833E003AED10 /* ViewController.swift in Sources */,
				FAE7486A2630833E003AED10 /* AppDelegate.swift in Sources */,
				FAE7486B2630833E003AED10 /* SceneDelegate.swift in Sources */,
			);
			runOnlyForDeploymentPostprocessing = 0;
		};
/* End PBXSourcesBuildPhase section */

/* Begin PBXTargetDependency section */
		FABC0BFD26307BA0004C6D9B /* PBXTargetDependency */ = {
			isa = PBXTargetDependency;
			target = FABC0BE426307B9F004C6D9B /* IOTPay */;
			targetProxy = FABC0BFC26307BA0004C6D9B /* PBXContainerItemProxy */;
		};
		FABC0C0826307BA0004C6D9B /* PBXTargetDependency */ = {
			isa = PBXTargetDependency;
			target = FABC0BE426307B9F004C6D9B /* IOTPay */;
			targetProxy = FABC0C0726307BA0004C6D9B /* PBXContainerItemProxy */;
		};
/* End PBXTargetDependency section */

/* Begin PBXVariantGroup section */
		FABC0BEE26307B9F004C6D9B /* Main.storyboard */ = {
			isa = PBXVariantGroup;
			children = (
				FABC0BEF26307B9F004C6D9B /* Base */,
			);
			name = Main.storyboard;
			sourceTree = "<group>";
		};
		FABC0BF326307B9F004C6D9B /* LaunchScreen.storyboard */ = {
			isa = PBXVariantGroup;
			children = (
				FABC0BF426307B9F004C6D9B /* Base */,
			);
			name = LaunchScreen.storyboard;
			sourceTree = "<group>";
		};
/* End PBXVariantGroup section */

/* Begin XCBuildConfiguration section */
		FABC0C0D26307BA0004C6D9B /* Debug */ = {
			isa = XCBuildConfiguration;
			buildSettings = {
				ALWAYS_SEARCH_USER_PATHS = NO;
				CLANG_ANALYZER_NONNULL = YES;
				CLANG_ANALYZER_NUMBER_OBJECT_CONVERSION = YES_AGGRESSIVE;
				CLANG_CXX_LANGUAGE_STANDARD = "gnu++14";
				CLANG_CXX_LIBRARY = "libc++";
				CLANG_ENABLE_MODULES = YES;
				CLANG_ENABLE_OBJC_ARC = YES;
				CLANG_ENABLE_OBJC_WEAK = YES;
				CLANG_WARN_BLOCK_CAPTURE_AUTORELEASING = YES;
				CLANG_WARN_BOOL_CONVERSION = YES;
				CLANG_WARN_COMMA = YES;
				CLANG_WARN_CONSTANT_CONVERSION = YES;
				CLANG_WARN_DEPRECATED_OBJC_IMPLEMENTATIONS = YES;
				CLANG_WARN_DIRECT_OBJC_ISA_USAGE = YES_ERROR;
				CLANG_WARN_DOCUMENTATION_COMMENTS = YES;
				CLANG_WARN_EMPTY_BODY = YES;
				CLANG_WARN_ENUM_CONVERSION = YES;
				CLANG_WARN_INFINITE_RECURSION = YES;
				CLANG_WARN_INT_CONVERSION = YES;
				CLANG_WARN_NON_LITERAL_NULL_CONVERSION = YES;
				CLANG_WARN_OBJC_IMPLICIT_RETAIN_SELF = YES;
				CLANG_WARN_OBJC_LITERAL_CONVERSION = YES;
				CLANG_WARN_OBJC_ROOT_CLASS = YES_ERROR;
				CLANG_WARN_QUOTED_INCLUDE_IN_FRAMEWORK_HEADER = YES;
				CLANG_WARN_RANGE_LOOP_ANALYSIS = YES;
				CLANG_WARN_STRICT_PROTOTYPES = YES;
				CLANG_WARN_SUSPICIOUS_MOVE = YES;
				CLANG_WARN_UNGUARDED_AVAILABILITY = YES_AGGRESSIVE;
				CLANG_WARN_UNREACHABLE_CODE = YES;
				CLANG_WARN__DUPLICATE_METHOD_MATCH = YES;
				COPY_PHASE_STRIP = NO;
				DEBUG_INFORMATION_FORMAT = dwarf;
				ENABLE_STRICT_OBJC_MSGSEND = YES;
				ENABLE_TESTABILITY = YES;
				GCC_C_LANGUAGE_STANDARD = gnu11;
				GCC_DYNAMIC_NO_PIC = NO;
				GCC_NO_COMMON_BLOCKS = YES;
				GCC_OPTIMIZATION_LEVEL = 0;
				GCC_PREPROCESSOR_DEFINITIONS = (
					"DEBUG=1",
					"$(inherited)",
				);
				GCC_WARN_64_TO_32_BIT_CONVERSION = YES;
				GCC_WARN_ABOUT_RETURN_TYPE = YES_ERROR;
				GCC_WARN_UNDECLARED_SELECTOR = YES;
				GCC_WARN_UNINITIALIZED_AUTOS = YES_AGGRESSIVE;
				GCC_WARN_UNUSED_FUNCTION = YES;
				GCC_WARN_UNUSED_VARIABLE = YES;
				IPHONEOS_DEPLOYMENT_TARGET = 14.4;
				MTL_ENABLE_DEBUG_INFO = INCLUDE_SOURCE;
				MTL_FAST_MATH = YES;
				ONLY_ACTIVE_ARCH = YES;
				SDKROOT = iphoneos;
				SWIFT_ACTIVE_COMPILATION_CONDITIONS = DEBUG;
				SWIFT_OPTIMIZATION_LEVEL = "-Onone";
			};
			name = Debug;
		};
		FABC0C0E26307BA0004C6D9B /* Release */ = {
			isa = XCBuildConfiguration;
			buildSettings = {
				ALWAYS_SEARCH_USER_PATHS = NO;
				CLANG_ANALYZER_NONNULL = YES;
				CLANG_ANALYZER_NUMBER_OBJECT_CONVERSION = YES_AGGRESSIVE;
				CLANG_CXX_LANGUAGE_STANDARD = "gnu++14";
				CLANG_CXX_LIBRARY = "libc++";
				CLANG_ENABLE_MODULES = YES;
				CLANG_ENABLE_OBJC_ARC = YES;
				CLANG_ENABLE_OBJC_WEAK = YES;
				CLANG_WARN_BLOCK_CAPTURE_AUTORELEASING = YES;
				CLANG_WARN_BOOL_CONVERSION = YES;
				CLANG_WARN_COMMA = YES;
				CLANG_WARN_CONSTANT_CONVERSION = YES;
				CLANG_WARN_DEPRECATED_OBJC_IMPLEMENTATIONS = YES;
				CLANG_WARN_DIRECT_OBJC_ISA_USAGE = YES_ERROR;
				CLANG_WARN_DOCUMENTATION_COMMENTS = YES;
				CLANG_WARN_EMPTY_BODY = YES;
				CLANG_WARN_ENUM_CONVERSION = YES;
				CLANG_WARN_INFINITE_RECURSION = YES;
				CLANG_WARN_INT_CONVERSION = YES;
				CLANG_WARN_NON_LITERAL_NULL_CONVERSION = YES;
				CLANG_WARN_OBJC_IMPLICIT_RETAIN_SELF = YES;
				CLANG_WARN_OBJC_LITERAL_CONVERSION = YES;
				CLANG_WARN_OBJC_ROOT_CLASS = YES_ERROR;
				CLANG_WARN_QUOTED_INCLUDE_IN_FRAMEWORK_HEADER = YES;
				CLANG_WARN_RANGE_LOOP_ANALYSIS = YES;
				CLANG_WARN_STRICT_PROTOTYPES = YES;
				CLANG_WARN_SUSPICIOUS_MOVE = YES;
				CLANG_WARN_UNGUARDED_AVAILABILITY = YES_AGGRESSIVE;
				CLANG_WARN_UNREACHABLE_CODE = YES;
				CLANG_WARN__DUPLICATE_METHOD_MATCH = YES;
				COPY_PHASE_STRIP = NO;
				DEBUG_INFORMATION_FORMAT = "dwarf-with-dsym";
				ENABLE_NS_ASSERTIONS = NO;
				ENABLE_STRICT_OBJC_MSGSEND = YES;
				GCC_C_LANGUAGE_STANDARD = gnu11;
				GCC_NO_COMMON_BLOCKS = YES;
				GCC_WARN_64_TO_32_BIT_CONVERSION = YES;
				GCC_WARN_ABOUT_RETURN_TYPE = YES_ERROR;
				GCC_WARN_UNDECLARED_SELECTOR = YES;
				GCC_WARN_UNINITIALIZED_AUTOS = YES_AGGRESSIVE;
				GCC_WARN_UNUSED_FUNCTION = YES;
				GCC_WARN_UNUSED_VARIABLE = YES;
				IPHONEOS_DEPLOYMENT_TARGET = 14.4;
				MTL_ENABLE_DEBUG_INFO = NO;
				MTL_FAST_MATH = YES;
				SDKROOT = iphoneos;
				SWIFT_COMPILATION_MODE = wholemodule;
				SWIFT_OPTIMIZATION_LEVEL = "-O";
				VALIDATE_PRODUCT = YES;
			};
			name = Release;
		};
		FABC0C1026307BA0004C6D9B /* Debug */ = {
			isa = XCBuildConfiguration;
			baseConfigurationReference = 3A914FBC69BDE4563B1C6872 /* Pods-IOTPay.debug.xcconfig */;
			buildSettings = {
				ASSETCATALOG_COMPILER_APPICON_NAME = AppIcon;
				ASSETCATALOG_COMPILER_GLOBAL_ACCENT_COLOR_NAME = AccentColor;
				CODE_SIGN_STYLE = Automatic;
				DEVELOPMENT_TEAM = WG5V7B83H4;
				INFOPLIST_FILE = IOTPay/Info.plist;
				LD_RUNPATH_SEARCH_PATHS = (
					"$(inherited)",
					"@executable_path/Frameworks",
				);
				PRODUCT_BUNDLE_IDENTIFIER = ca.iotpay.IOTPay;
				PRODUCT_NAME = "$(TARGET_NAME)";
				SWIFT_VERSION = 5.0;
				TARGETED_DEVICE_FAMILY = "1,2";
			};
			name = Debug;
		};
		FABC0C1126307BA0004C6D9B /* Release */ = {
			isa = XCBuildConfiguration;
			baseConfigurationReference = E338D7D3ADD7DC573A3C88B7 /* Pods-IOTPay.release.xcconfig */;
			buildSettings = {
				ASSETCATALOG_COMPILER_APPICON_NAME = AppIcon;
				ASSETCATALOG_COMPILER_GLOBAL_ACCENT_COLOR_NAME = AccentColor;
				CODE_SIGN_STYLE = Automatic;
				DEVELOPMENT_TEAM = WG5V7B83H4;
				INFOPLIST_FILE = IOTPay/Info.plist;
				LD_RUNPATH_SEARCH_PATHS = (
					"$(inherited)",
					"@executable_path/Frameworks",
				);
				PRODUCT_BUNDLE_IDENTIFIER = ca.iotpay.IOTPay;
				PRODUCT_NAME = "$(TARGET_NAME)";
				SWIFT_VERSION = 5.0;
				TARGETED_DEVICE_FAMILY = "1,2";
			};
			name = Release;
		};
		FABC0C1326307BA0004C6D9B /* Debug */ = {
			isa = XCBuildConfiguration;
			baseConfigurationReference = B7E88096558AD80C085076AF /* Pods-IOTPayTests.debug.xcconfig */;
			buildSettings = {
				ALWAYS_EMBED_SWIFT_STANDARD_LIBRARIES = YES;
				BUNDLE_LOADER = "$(TEST_HOST)";
				CODE_SIGN_STYLE = Automatic;
				DEVELOPMENT_TEAM = WG5V7B83H4;
				INFOPLIST_FILE = IOTPayTests/Info.plist;
				IPHONEOS_DEPLOYMENT_TARGET = 14.4;
				LD_RUNPATH_SEARCH_PATHS = (
					"$(inherited)",
					"@executable_path/Frameworks",
					"@loader_path/Frameworks",
				);
				PRODUCT_BUNDLE_IDENTIFIER = ca.iotpay.IOTPayTests;
				PRODUCT_NAME = "$(TARGET_NAME)";
				SWIFT_VERSION = 5.0;
				TARGETED_DEVICE_FAMILY = "1,2";
				TEST_HOST = "$(BUILT_PRODUCTS_DIR)/IOTPay.app/IOTPay";
			};
			name = Debug;
		};
		FABC0C1426307BA0004C6D9B /* Release */ = {
			isa = XCBuildConfiguration;
			baseConfigurationReference = FB12EEBE79F500C073744CBF /* Pods-IOTPayTests.release.xcconfig */;
			buildSettings = {
				ALWAYS_EMBED_SWIFT_STANDARD_LIBRARIES = YES;
				BUNDLE_LOADER = "$(TEST_HOST)";
				CODE_SIGN_STYLE = Automatic;
				DEVELOPMENT_TEAM = WG5V7B83H4;
				INFOPLIST_FILE = IOTPayTests/Info.plist;
				IPHONEOS_DEPLOYMENT_TARGET = 14.4;
				LD_RUNPATH_SEARCH_PATHS = (
					"$(inherited)",
					"@executable_path/Frameworks",
					"@loader_path/Frameworks",
				);
				PRODUCT_BUNDLE_IDENTIFIER = ca.iotpay.IOTPayTests;
				PRODUCT_NAME = "$(TARGET_NAME)";
				SWIFT_VERSION = 5.0;
				TARGETED_DEVICE_FAMILY = "1,2";
				TEST_HOST = "$(BUILT_PRODUCTS_DIR)/IOTPay.app/IOTPay";
			};
			name = Release;
		};
		FABC0C1626307BA0004C6D9B /* Debug */ = {
			isa = XCBuildConfiguration;
			baseConfigurationReference = 2EEC41552616F6682CA56349 /* Pods-IOTPay-IOTPayUITests.debug.xcconfig */;
			buildSettings = {
				ALWAYS_EMBED_SWIFT_STANDARD_LIBRARIES = YES;
				CODE_SIGN_STYLE = Automatic;
				DEVELOPMENT_TEAM = WG5V7B83H4;
				INFOPLIST_FILE = IOTPayUITests/Info.plist;
				LD_RUNPATH_SEARCH_PATHS = (
					"$(inherited)",
					"@executable_path/Frameworks",
					"@loader_path/Frameworks",
				);
				PRODUCT_BUNDLE_IDENTIFIER = ca.iotpay.IOTPayUITests;
				PRODUCT_NAME = "$(TARGET_NAME)";
				SWIFT_VERSION = 5.0;
				TARGETED_DEVICE_FAMILY = "1,2";
				TEST_TARGET_NAME = IOTPay;
			};
			name = Debug;
		};
		FABC0C1726307BA0004C6D9B /* Release */ = {
			isa = XCBuildConfiguration;
			baseConfigurationReference = 633FD4F52C702A5487776FA2 /* Pods-IOTPay-IOTPayUITests.release.xcconfig */;
			buildSettings = {
				ALWAYS_EMBED_SWIFT_STANDARD_LIBRARIES = YES;
				CODE_SIGN_STYLE = Automatic;
				DEVELOPMENT_TEAM = WG5V7B83H4;
				INFOPLIST_FILE = IOTPayUITests/Info.plist;
				LD_RUNPATH_SEARCH_PATHS = (
					"$(inherited)",
					"@executable_path/Frameworks",
					"@loader_path/Frameworks",
				);
				PRODUCT_BUNDLE_IDENTIFIER = ca.iotpay.IOTPayUITests;
				PRODUCT_NAME = "$(TARGET_NAME)";
				SWIFT_VERSION = 5.0;
				TARGETED_DEVICE_FAMILY = "1,2";
				TEST_TARGET_NAME = IOTPay;
			};
			name = Release;
		};
		FAE748732630833E003AED10 /* Debug */ = {
			isa = XCBuildConfiguration;
			baseConfigurationReference = 3A914FBC69BDE4563B1C6872 /* Pods-IOTPay.debug.xcconfig */;
			buildSettings = {
				ASSETCATALOG_COMPILER_APPICON_NAME = AppIcon;
				ASSETCATALOG_COMPILER_GLOBAL_ACCENT_COLOR_NAME = AccentColor;
				CODE_SIGN_STYLE = Automatic;
				DEVELOPMENT_TEAM = WG5V7B83H4;
				INFOPLIST_FILE = "IOTPay copy-Info.plist";
				LD_RUNPATH_SEARCH_PATHS = (
					"$(inherited)",
					"@executable_path/Frameworks",
				);
				PRODUCT_BUNDLE_IDENTIFIER = ca.iotpay.IOTPay;
				PRODUCT_NAME = "$(TARGET_NAME)";
				SWIFT_VERSION = 5.0;
				TARGETED_DEVICE_FAMILY = "1,2";
			};
			name = Debug;
		};
		FAE748742630833E003AED10 /* Release */ = {
			isa = XCBuildConfiguration;
			baseConfigurationReference = E338D7D3ADD7DC573A3C88B7 /* Pods-IOTPay.release.xcconfig */;
			buildSettings = {
				ASSETCATALOG_COMPILER_APPICON_NAME = AppIcon;
				ASSETCATALOG_COMPILER_GLOBAL_ACCENT_COLOR_NAME = AccentColor;
				CODE_SIGN_STYLE = Automatic;
				DEVELOPMENT_TEAM = WG5V7B83H4;
				INFOPLIST_FILE = "IOTPay copy-Info.plist";
				LD_RUNPATH_SEARCH_PATHS = (
					"$(inherited)",
					"@executable_path/Frameworks",
				);
				PRODUCT_BUNDLE_IDENTIFIER = ca.iotpay.IOTPay;
				PRODUCT_NAME = "$(TARGET_NAME)";
				SWIFT_VERSION = 5.0;
				TARGETED_DEVICE_FAMILY = "1,2";
			};
			name = Release;
		};
/* End XCBuildConfiguration section */

/* Begin XCConfigurationList section */
		FABC0BE026307B9F004C6D9B /* Build configuration list for PBXProject "IOTPay" */ = {
			isa = XCConfigurationList;
			buildConfigurations = (
				FABC0C0D26307BA0004C6D9B /* Debug */,
				FABC0C0E26307BA0004C6D9B /* Release */,
			);
			defaultConfigurationIsVisible = 0;
			defaultConfigurationName = Release;
		};
		FABC0C0F26307BA0004C6D9B /* Build configuration list for PBXNativeTarget "IOTPay" */ = {
			isa = XCConfigurationList;
			buildConfigurations = (
				FABC0C1026307BA0004C6D9B /* Debug */,
				FABC0C1126307BA0004C6D9B /* Release */,
			);
			defaultConfigurationIsVisible = 0;
			defaultConfigurationName = Release;
		};
		FABC0C1226307BA0004C6D9B /* Build configuration list for PBXNativeTarget "IOTPayTests" */ = {
			isa = XCConfigurationList;
			buildConfigurations = (
				FABC0C1326307BA0004C6D9B /* Debug */,
				FABC0C1426307BA0004C6D9B /* Release */,
			);
			defaultConfigurationIsVisible = 0;
			defaultConfigurationName = Release;
		};
		FABC0C1526307BA0004C6D9B /* Build configuration list for PBXNativeTarget "IOTPayUITests" */ = {
			isa = XCConfigurationList;
			buildConfigurations = (
				FABC0C1626307BA0004C6D9B /* Debug */,
				FABC0C1726307BA0004C6D9B /* Release */,
			);
			defaultConfigurationIsVisible = 0;
			defaultConfigurationName = Release;
		};
		FAE748722630833E003AED10 /* Build configuration list for PBXNativeTarget "DemoA111" */ = {
			isa = XCConfigurationList;
			buildConfigurations = (
				FAE748732630833E003AED10 /* Debug */,
				FAE748742630833E003AED10 /* Release */,
			);
			defaultConfigurationIsVisible = 0;
			defaultConfigurationName = Release;
		};
/* End XCConfigurationList section */
	};
	rootObject = FABC0BDD26307B9F004C6D9B /* Project object */;
}
